# This file is automatically @generated by Cargo.
# It is not intended for manual editing.
[[package]]
name = "by_address"
version = "1.0.4"
source = "registry+https://github.com/rust-lang/crates.io-index"
checksum = "e245704f60eb4eb45810d65cf14eb54d2eb50a6f3715fe2d7cd01ee905c2944f"

[[package]]
name = "rust_test"
version = "0.1.0"
dependencies = [
 "by_address",
]
